// !$*UTF8*$!
{
	archiveVersion = 1;
	classes = {
	};
	objectVersion = 50;
	objects = {

/* Begin PBXBuildFile section */
		D909BC2E242388B600D7F885 /* FileExtension.swift in Sources */ = {isa = PBXBuildFile; fileRef = D909BC2D242388B600D7F885 /* FileExtension.swift */; };
		D909BC3324238C1500D7F885 /* RestTypeCell.swift in Sources */ = {isa = PBXBuildFile; fileRef = D909BC3124238C1500D7F885 /* RestTypeCell.swift */; };
		D909BC3424238C1500D7F885 /* RestTypeCell.xib in Resources */ = {isa = PBXBuildFile; fileRef = D909BC3224238C1500D7F885 /* RestTypeCell.xib */; };
		D909BC372423910200D7F885 /* RestCollectionCell.swift in Sources */ = {isa = PBXBuildFile; fileRef = D909BC352423910200D7F885 /* RestCollectionCell.swift */; };
		D909BC382423910200D7F885 /* RestCollectionCell.xib in Resources */ = {isa = PBXBuildFile; fileRef = D909BC362423910200D7F885 /* RestCollectionCell.xib */; };
		D913E1F324279DC0007567B8 /* ResturantCell.swift in Sources */ = {isa = PBXBuildFile; fileRef = D913E1F124279DC0007567B8 /* ResturantCell.swift */; };
		D913E1F424279DC0007567B8 /* ResturantCell.xib in Resources */ = {isa = PBXBuildFile; fileRef = D913E1F224279DC0007567B8 /* ResturantCell.xib */; };
		D93CF29F242219500028EA82 /* AppDelegate.swift in Sources */ = {isa = PBXBuildFile; fileRef = D93CF29E242219500028EA82 /* AppDelegate.swift */; };
		D93CF2A1242219500028EA82 /* ViewController.swift in Sources */ = {isa = PBXBuildFile; fileRef = D93CF2A0242219500028EA82 /* ViewController.swift */; };
		D93CF2A4242219500028EA82 /* Main.storyboard in Resources */ = {isa = PBXBuildFile; fileRef = D93CF2A2242219500028EA82 /* Main.storyboard */; };
		D93CF2A6242219580028EA82 /* Assets.xcassets in Resources */ = {isa = PBXBuildFile; fileRef = D93CF2A5242219580028EA82 /* Assets.xcassets */; };
		D93CF2A9242219580028EA82 /* LaunchScreen.storyboard in Resources */ = {isa = PBXBuildFile; fileRef = D93CF2A7242219580028EA82 /* LaunchScreen.storyboard */; };
		D93CF2B224224D3C0028EA82 /* CityHeaderCell.swift in Sources */ = {isa = PBXBuildFile; fileRef = D93CF2B024224D3C0028EA82 /* CityHeaderCell.swift */; };
		D93CF2B324224D3C0028EA82 /* CityHeaderCell.xib in Resources */ = {isa = PBXBuildFile; fileRef = D93CF2B124224D3C0028EA82 /* CityHeaderCell.xib */; };
		D9CC522624269D4A0000C38E /* Inspectables.swift in Sources */ = {isa = PBXBuildFile; fileRef = D9CC522524269D4A0000C38E /* Inspectables.swift */; };
		D9CC522E2426CBA10000C38E /* ResturantsHeaderCell.swift in Sources */ = {isa = PBXBuildFile; fileRef = D9CC522C2426CBA10000C38E /* ResturantsHeaderCell.swift */; };
		D9CC522F2426CBA10000C38E /* ResturantsHeaderCell.xib in Resources */ = {isa = PBXBuildFile; fileRef = D9CC522D2426CBA10000C38E /* ResturantsHeaderCell.xib */; };
/* End PBXBuildFile section */

/* Begin PBXFileReference section */
		D909BC2D242388B600D7F885 /* FileExtension.swift */ = {isa = PBXFileReference; lastKnownFileType = sourcecode.swift; path = FileExtension.swift; sourceTree = "<group>"; };
		D909BC3124238C1500D7F885 /* RestTypeCell.swift */ = {isa = PBXFileReference; lastKnownFileType = sourcecode.swift; path = RestTypeCell.swift; sourceTree = "<group>"; };
		D909BC3224238C1500D7F885 /* RestTypeCell.xib */ = {isa = PBXFileReference; lastKnownFileType = file.xib; path = RestTypeCell.xib; sourceTree = "<group>"; };
		D909BC352423910200D7F885 /* RestCollectionCell.swift */ = {isa = PBXFileReference; lastKnownFileType = sourcecode.swift; path = RestCollectionCell.swift; sourceTree = "<group>"; };
		D909BC362423910200D7F885 /* RestCollectionCell.xib */ = {isa = PBXFileReference; lastKnownFileType = file.xib; path = RestCollectionCell.xib; sourceTree = "<group>"; };
		D913E1F124279DC0007567B8 /* ResturantCell.swift */ = {isa = PBXFileReference; lastKnownFileType = sourcecode.swift; path = ResturantCell.swift; sourceTree = "<group>"; };
		D913E1F224279DC0007567B8 /* ResturantCell.xib */ = {isa = PBXFileReference; lastKnownFileType = file.xib; path = ResturantCell.xib; sourceTree = "<group>"; };
		D93CF29B242219500028EA82 /* FoodApp.app */ = {isa = PBXFileReference; explicitFileType = wrapper.application; includeInIndex = 0; path = FoodApp.app; sourceTree = BUILT_PRODUCTS_DIR; };
		D93CF29E242219500028EA82 /* AppDelegate.swift */ = {isa = PBXFileReference; lastKnownFileType = sourcecode.swift; path = AppDelegate.swift; sourceTree = "<group>"; };
		D93CF2A0242219500028EA82 /* ViewController.swift */ = {isa = PBXFileReference; lastKnownFileType = sourcecode.swift; path = ViewController.swift; sourceTree = "<group>"; };
		D93CF2A3242219500028EA82 /* Base */ = {isa = PBXFileReference; lastKnownFileType = file.storyboard; name = Base; path = Base.lproj/Main.storyboard; sourceTree = "<group>"; };
		D93CF2A5242219580028EA82 /* Assets.xcassets */ = {isa = PBXFileReference; lastKnownFileType = folder.assetcatalog; path = Assets.xcassets; sourceTree = "<group>"; };
		D93CF2A8242219580028EA82 /* Base */ = {isa = PBXFileReference; lastKnownFileType = file.storyboard; name = Base; path = Base.lproj/LaunchScreen.storyboard; sourceTree = "<group>"; };
		D93CF2AA242219580028EA82 /* Info.plist */ = {isa = PBXFileReference; lastKnownFileType = text.plist.xml; path = Info.plist; sourceTree = "<group>"; };
		D93CF2B024224D3C0028EA82 /* CityHeaderCell.swift */ = {isa = PBXFileReference; lastKnownFileType = sourcecode.swift; path = CityHeaderCell.swift; sourceTree = "<group>"; };
		D93CF2B124224D3C0028EA82 /* CityHeaderCell.xib */ = {isa = PBXFileReference; lastKnownFileType = file.xib; path = CityHeaderCell.xib; sourceTree = "<group>"; };
		D9CC522524269D4A0000C38E /* Inspectables.swift */ = {isa = PBXFileReference; lastKnownFileType = sourcecode.swift; path = Inspectables.swift; sourceTree = "<group>"; };
		D9CC522C2426CBA10000C38E /* ResturantsHeaderCell.swift */ = {isa = PBXFileReference; lastKnownFileType = sourcecode.swift; path = ResturantsHeaderCell.swift; sourceTree = "<group>"; };
		D9CC522D2426CBA10000C38E /* ResturantsHeaderCell.xib */ = {isa = PBXFileReference; lastKnownFileType = file.xib; path = ResturantsHeaderCell.xib; sourceTree = "<group>"; };
/* End PBXFileReference section */

/* Begin PBXFrameworksBuildPhase section */
		D93CF298242219500028EA82 /* Frameworks */ = {
			isa = PBXFrameworksBuildPhase;
			buildActionMask = 2147483647;
			files = (
			);
			runOnlyForDeploymentPostprocessing = 0;
		};
/* End PBXFrameworksBuildPhase section */

/* Begin PBXGroup section */
		D909BC2A24237D9500D7F885 /* TableCell */ = {
			isa = PBXGroup;
			children = (
				D909BC2F24238B8A00D7F885 /* HeaderCell */,
				D909BC3024238BA700D7F885 /* RestTypeCell */,
				D9CC522B2426CADD0000C38E /* ResturantsHeader */,
				D913E1F524279DCD007567B8 /* ResturantCell */,
			);
			path = TableCell;
			sourceTree = "<group>";
		};
		D909BC2B24237DB900D7F885 /* CollectionCell */ = {
			isa = PBXGroup;
			children = (
				D909BC352423910200D7F885 /* RestCollectionCell.swift */,
				D909BC362423910200D7F885 /* RestCollectionCell.xib */,
			);
			path = CollectionCell;
			sourceTree = "<group>";
		};
		D909BC2C24237DDF00D7F885 /* Extension */ = {
			isa = PBXGroup;
			children = (
				D909BC2D242388B600D7F885 /* FileExtension.swift */,
				D9CC522524269D4A0000C38E /* Inspectables.swift */,
			);
			path = Extension;
			sourceTree = "<group>";
		};
		D909BC2F24238B8A00D7F885 /* HeaderCell */ = {
			isa = PBXGroup;
			children = (
				D93CF2B024224D3C0028EA82 /* CityHeaderCell.swift */,
				D93CF2B124224D3C0028EA82 /* CityHeaderCell.xib */,
			);
			path = HeaderCell;
			sourceTree = "<group>";
		};
		D909BC3024238BA700D7F885 /* RestTypeCell */ = {
			isa = PBXGroup;
			children = (
				D909BC3124238C1500D7F885 /* RestTypeCell.swift */,
				D909BC3224238C1500D7F885 /* RestTypeCell.xib */,
			);
			path = RestTypeCell;
			sourceTree = "<group>";
		};
		D913E1F524279DCD007567B8 /* ResturantCell */ = {
			isa = PBXGroup;
			children = (
				D913E1F124279DC0007567B8 /* ResturantCell.swift */,
				D913E1F224279DC0007567B8 /* ResturantCell.xib */,
			);
			path = ResturantCell;
			sourceTree = "<group>";
		};
		D93CF292242219500028EA82 = {
			isa = PBXGroup;
			children = (
				D93CF29D242219500028EA82 /* FoodApp */,
				D93CF29C242219500028EA82 /* Products */,
			);
			sourceTree = "<group>";
		};
		D93CF29C242219500028EA82 /* Products */ = {
			isa = PBXGroup;
			children = (
				D93CF29B242219500028EA82 /* FoodApp.app */,
			);
			name = Products;
			sourceTree = "<group>";
		};
		D93CF29D242219500028EA82 /* FoodApp */ = {
			isa = PBXGroup;
			children = (
				D93CF29E242219500028EA82 /* AppDelegate.swift */,
				D909BC2C24237DDF00D7F885 /* Extension */,
				D909BC2A24237D9500D7F885 /* TableCell */,
				D909BC2B24237DB900D7F885 /* CollectionCell */,
				D93CF2A0242219500028EA82 /* ViewController.swift */,
				D93CF2A2242219500028EA82 /* Main.storyboard */,
				D93CF2A5242219580028EA82 /* Assets.xcassets */,
				D93CF2A7242219580028EA82 /* LaunchScreen.storyboard */,
				D93CF2AA242219580028EA82 /* Info.plist */,
			);
			path = FoodApp;
			sourceTree = "<group>";
		};
		D9CC522B2426CADD0000C38E /* ResturantsHeader */ = {
			isa = PBXGroup;
			children = (
				D9CC522C2426CBA10000C38E /* ResturantsHeaderCell.swift */,
				D9CC522D2426CBA10000C38E /* ResturantsHeaderCell.xib */,
			);
			path = ResturantsHeader;
			sourceTree = "<group>";
		};
/* End PBXGroup section */

/* Begin PBXNativeTarget section */
		D93CF29A242219500028EA82 /* FoodApp */ = {
			isa = PBXNativeTarget;
			buildConfigurationList = D93CF2AD242219580028EA82 /* Build configuration list for PBXNativeTarget "FoodApp" */;
			buildPhases = (
				D93CF297242219500028EA82 /* Sources */,
				D93CF298242219500028EA82 /* Frameworks */,
				D93CF299242219500028EA82 /* Resources */,
			);
			buildRules = (
			);
			dependencies = (
			);
			name = FoodApp;
			productName = FoodApp;
			productReference = D93CF29B242219500028EA82 /* FoodApp.app */;
			productType = "com.apple.product-type.application";
		};
/* End PBXNativeTarget section */

/* Begin PBXProject section */
		D93CF293242219500028EA82 /* Project object */ = {
			isa = PBXProject;
			attributes = {
				LastSwiftUpdateCheck = 1030;
				LastUpgradeCheck = 1030;
				ORGANIZATIONNAME = Mohamed;
				TargetAttributes = {
					D93CF29A242219500028EA82 = {
						CreatedOnToolsVersion = 10.3;
					};
				};
			};
			buildConfigurationList = D93CF296242219500028EA82 /* Build configuration list for PBXProject "FoodApp" */;
			compatibilityVersion = "Xcode 9.3";
			developmentRegion = en;
			hasScannedForEncodings = 0;
			knownRegions = (
				en,
				Base,
			);
			mainGroup = D93CF292242219500028EA82;
			productRefGroup = D93CF29C242219500028EA82 /* Products */;
			projectDirPath = "";
			projectRoot = "";
			targets = (
				D93CF29A242219500028EA82 /* FoodApp */,
			);
		};
/* End PBXProject section */

/* Begin PBXResourcesBuildPhase section */
		D93CF299242219500028EA82 /* Resources */ = {
			isa = PBXResourcesBuildPhase;
			buildActionMask = 2147483647;
			files = (
				D9CC522F2426CBA10000C38E /* ResturantsHeaderCell.xib in Resources */,
				D909BC3424238C1500D7F885 /* RestTypeCell.xib in Resources */,
				D913E1F424279DC0007567B8 /* ResturantCell.xib in Resources */,
				D93CF2A9242219580028EA82 /* LaunchScreen.storyboard in Resources */,
				D93CF2B324224D3C0028EA82 /* CityHeaderCell.xib in Resources */,
				D93CF2A6242219580028EA82 /* Assets.xcassets in Resources */,
				D93CF2A4242219500028EA82 /* Main.storyboard in Resources */,
				D909BC382423910200D7F885 /* RestCollectionCell.xib in Resources */,
			);
			runOnlyForDeploymentPostprocessing = 0;
		};
/* End PBXResourcesBuildPhase section */

/* Begin PBXSourcesBuildPhase section */
		D93CF297242219500028EA82 /* Sources */ = {
			isa = PBXSourcesBuildPhase;
			buildActionMask = 2147483647;
			files = (
				D9CC522624269D4A0000C38E /* Inspectables.swift in Sources */,
				D9CC522E2426CBA10000C38E /* ResturantsHeaderCell.swift in Sources */,
				D93CF2A1242219500028EA82 /* ViewController.swift in Sources */,
				D93CF29F242219500028EA82 /* AppDelegate.swift in Sources */,
				D913E1F324279DC0007567B8 /* ResturantCell.swift in Sources */,
				D93CF2B224224D3C0028EA82 /* CityHeaderCell.swift in Sources */,
				D909BC372423910200D7F885 /* RestCollectionCell.swift in Sources */,
				D909BC3324238C1500D7F885 /* RestTypeCell.swift in Sources */,
				D909BC2E242388B600D7F885 /* FileExtension.swift in Sources */,
			);
			runOnlyForDeploymentPostprocessing = 0;
		};
/* End PBXSourcesBuildPhase section */

/* Begin PBXVariantGroup section */
		D93CF2A2242219500028EA82 /* Main.storyboard */ = {
			isa = PBXVariantGroup;
			children = (
				D93CF2A3242219500028EA82 /* Base */,
			);
			name = Main.storyboard;
			sourceTree = "<group>";
		};
		D93CF2A7242219580028EA82 /* LaunchScreen.storyboard */ = {
			isa = PBXVariantGroup;
			children = (
				D93CF2A8242219580028EA82 /* Base */,
			);
			name = LaunchScreen.storyboard;
			sourceTree = "<group>";
		};
/* End PBXVariantGroup section */

/* Begin XCBuildConfiguration section */
		D93CF2AB242219580028EA82 /* Debug */ = {
			isa = XCBuildConfiguration;
			buildSettings = {
				ALWAYS_SEARCH_USER_PATHS = NO;
				CLANG_ANALYZER_NONNULL = YES;
				CLANG_ANALYZER_NUMBER_OBJECT_CONVERSION = YES_AGGRESSIVE;
				CLANG_CXX_LANGUAGE_STANDARD = "gnu++14";
				CLANG_CXX_LIBRARY = "libc++";
				CLANG_ENABLE_MODULES = YES;
				CLANG_ENABLE_OBJC_ARC = YES;
				CLANG_ENABLE_OBJC_WEAK = YES;
				CLANG_WARN_BLOCK_CAPTURE_AUTORELEASING = YES;
				CLANG_WARN_BOOL_CONVERSION = YES;
				CLANG_WARN_COMMA = YES;
				CLANG_WARN_CONSTANT_CONVERSION = YES;
				CLANG_WARN_DEPRECATED_OBJC_IMPLEMENTATIONS = YES;
				CLANG_WARN_DIRECT_OBJC_ISA_USAGE = YES_ERROR;
				CLANG_WARN_DOCUMENTATION_COMMENTS = YES;
				CLANG_WARN_EMPTY_BODY = YES;
				CLANG_WARN_ENUM_CONVERSION = YES;
				CLANG_WARN_INFINITE_RECURSION = YES;
				CLANG_WARN_INT_CONVERSION = YES;
				CLANG_WARN_NON_LITERAL_NULL_CONVERSION = YES;
				CLANG_WARN_OBJC_IMPLICIT_RETAIN_SELF = YES;
				CLANG_WARN_OBJC_LITERAL_CONVERSION = YES;
				CLANG_WARN_OBJC_ROOT_CLASS = YES_ERROR;
				CLANG_WARN_RANGE_LOOP_ANALYSIS = YES;
				CLANG_WARN_STRICT_PROTOTYPES = YES;
				CLANG_WARN_SUSPICIOUS_MOVE = YES;
				CLANG_WARN_UNGUARDED_AVAILABILITY = YES_AGGRESSIVE;
				CLANG_WARN_UNREACHABLE_CODE = YES;
				CLANG_WARN__DUPLICATE_METHOD_MATCH = YES;
				CODE_SIGN_IDENTITY = "iPhone Developer";
				COPY_PHASE_STRIP = NO;
				DEBUG_INFORMATION_FORMAT = dwarf;
				ENABLE_STRICT_OBJC_MSGSEND = YES;
				ENABLE_TESTABILITY = YES;
				GCC_C_LANGUAGE_STANDARD = gnu11;
				GCC_DYNAMIC_NO_PIC = NO;
				GCC_NO_COMMON_BLOCKS = YES;
				GCC_OPTIMIZATION_LEVEL = 0;
				GCC_PREPROCESSOR_DEFINITIONS = (
					"DEBUG=1",
					"$(inherited)",
				);
				GCC_WARN_64_TO_32_BIT_CONVERSION = YES;
				GCC_WARN_ABOUT_RETURN_TYPE = YES_ERROR;
				GCC_WARN_UNDECLARED_SELECTOR = YES;
				GCC_WARN_UNINITIALIZED_AUTOS = YES_AGGRESSIVE;
				GCC_WARN_UNUSED_FUNCTION = YES;
				GCC_WARN_UNUSED_VARIABLE = YES;
				IPHONEOS_DEPLOYMENT_TARGET = 12.4;
				MTL_ENABLE_DEBUG_INFO = INCLUDE_SOURCE;
				MTL_FAST_MATH = YES;
				ONLY_ACTIVE_ARCH = YES;
				SDKROOT = iphoneos;
				SWIFT_ACTIVE_COMPILATION_CONDITIONS = DEBUG;
				SWIFT_OPTIMIZATION_LEVEL = "-Onone";
			};
			name = Debug;
		};
		D93CF2AC242219580028EA82 /* Release */ = {
			isa = XCBuildConfiguration;
			buildSettings = {
				ALWAYS_SEARCH_USER_PATHS = NO;
				CLANG_ANALYZER_NONNULL = YES;
				CLANG_ANALYZER_NUMBER_OBJECT_CONVERSION = YES_AGGRESSIVE;
				CLANG_CXX_LANGUAGE_STANDARD = "gnu++14";
				CLANG_CXX_LIBRARY = "libc++";
				CLANG_ENABLE_MODULES = YES;
				CLANG_ENABLE_OBJC_ARC = YES;
				CLANG_ENABLE_OBJC_WEAK = YES;
				CLANG_WARN_BLOCK_CAPTURE_AUTORELEASING = YES;
				CLANG_WARN_BOOL_CONVERSION = YES;
				CLANG_WARN_COMMA = YES;
				CLANG_WARN_CONSTANT_CONVERSION = YES;
				CLANG_WARN_DEPRECATED_OBJC_IMPLEMENTATIONS = YES;
				CLANG_WARN_DIRECT_OBJC_ISA_USAGE = YES_ERROR;
				CLANG_WARN_DOCUMENTATION_COMMENTS = YES;
				CLANG_WARN_EMPTY_BODY = YES;
				CLANG_WARN_ENUM_CONVERSION = YES;
				CLANG_WARN_INFINITE_RECURSION = YES;
				CLANG_WARN_INT_CONVERSION = YES;
				CLANG_WARN_NON_LITERAL_NULL_CONVERSION = YES;
				CLANG_WARN_OBJC_IMPLICIT_RETAIN_SELF = YES;
				CLANG_WARN_OBJC_LITERAL_CONVERSION = YES;
				CLANG_WARN_OBJC_ROOT_CLASS = YES_ERROR;
				CLANG_WARN_RANGE_LOOP_ANALYSIS = YES;
				CLANG_WARN_STRICT_PROTOTYPES = YES;
				CLANG_WARN_SUSPICIOUS_MOVE = YES;
				CLANG_WARN_UNGUARDED_AVAILABILITY = YES_AGGRESSIVE;
				CLANG_WARN_UNREACHABLE_CODE = YES;
				CLANG_WARN__DUPLICATE_METHOD_MATCH = YES;
				CODE_SIGN_IDENTITY = "iPhone Developer";
				COPY_PHASE_STRIP = NO;
				DEBUG_INFORMATION_FORMAT = "dwarf-with-dsym";
				ENABLE_NS_ASSERTIONS = NO;
				ENABLE_STRICT_OBJC_MSGSEND = YES;
				GCC_C_LANGUAGE_STANDARD = gnu11;
				GCC_NO_COMMON_BLOCKS = YES;
				GCC_WARN_64_TO_32_BIT_CONVERSION = YES;
				GCC_WARN_ABOUT_RETURN_TYPE = YES_ERROR;
				GCC_WARN_UNDECLARED_SELECTOR = YES;
				GCC_WARN_UNINITIALIZED_AUTOS = YES_AGGRESSIVE;
				GCC_WARN_UNUSED_FUNCTION = YES;
				GCC_WARN_UNUSED_VARIABLE = YES;
				IPHONEOS_DEPLOYMENT_TARGET = 12.4;
				MTL_ENABLE_DEBUG_INFO = NO;
				MTL_FAST_MATH = YES;
				SDKROOT = iphoneos;
				SWIFT_COMPILATION_MODE = wholemodule;
				SWIFT_OPTIMIZATION_LEVEL = "-O";
				VALIDATE_PRODUCT = YES;
			};
			name = Release;
		};
		D93CF2AE242219580028EA82 /* Debug */ = {
			isa = XCBuildConfiguration;
			buildSettings = {
				ASSETCATALOG_COMPILER_APPICON_NAME = AppIcon;
				CODE_SIGN_STYLE = Automatic;
				DEVELOPMENT_TEAM = DEV57HW3Y9;
				INFOPLIST_FILE = FoodApp/Info.plist;
				LD_RUNPATH_SEARCH_PATHS = (
					"$(inherited)",
					"@executable_path/Frameworks",
				);
				PRODUCT_BUNDLE_IDENTIFIER = adam.FoodApp;
				PRODUCT_NAME = "$(TARGET_NAME)";
				SWIFT_VERSION = 5.0;
				TARGETED_DEVICE_FAMILY = "1,2";
			};
			name = Debug;
		};
		D93CF2AF242219580028EA82 /* Release */ = {
			isa = XCBuildConfiguration;
			buildSettings = {
				ASSETCATALOG_COMPILER_APPICON_NAME = AppIcon;
				CODE_SIGN_STYLE = Automatic;
				DEVELOPMENT_TEAM = DEV57HW3Y9;
				INFOPLIST_FILE = FoodApp/Info.plist;
				LD_RUNPATH_SEARCH_PATHS = (
					"$(inherited)",
					"@executable_path/Frameworks",
				);
				PRODUCT_BUNDLE_IDENTIFIER = adam.FoodApp;
				PRODUCT_NAME = "$(TARGET_NAME)";
				SWIFT_VERSION = 5.0;
				TARGETED_DEVICE_FAMILY = "1,2";
			};
			name = Release;
		};
/* End XCBuildConfiguration section */

/* Begin XCConfigurationList section */
		D93CF296242219500028EA82 /* Build configuration list for PBXProject "FoodApp" */ = {
			isa = XCConfigurationList;
			buildConfigurations = (
				D93CF2AB242219580028EA82 /* Debug */,
				D93CF2AC242219580028EA82 /* Release */,
			);
			defaultConfigurationIsVisible = 0;
			defaultConfigurationName = Release;
		};
		D93CF2AD242219580028EA82 /* Build configuration list for PBXNativeTarget "FoodApp" */ = {
			isa = XCConfigurationList;
			buildConfigurations = (
				D93CF2AE242219580028EA82 /* Debug */,
				D93CF2AF242219580028EA82 /* Release */,
			);
			defaultConfigurationIsVisible = 0;
			defaultConfigurationName = Release;
		};
/* End XCConfigurationList section */
	};
	rootObject = D93CF293242219500028EA82 /* Project object */;
}
